
Microsoft Visual Studio Solution File, Format Version 12.00
# Visual Studio Version 17
VisualStudioVersion = 17.13.35913.81 d17.13
MinimumVisualStudioVersion = 10.0.40219.1
Project("{FAE04EC0-301F-11D3-BF4B-00C04F79EFBC}") = "PruebaTécnicaProgramación01", "PruebaTécnicaProgramación01\PruebaTécnicaProgramación01.csproj", "{CC1D5B6A-D363-48C9-BFC1-63D257070CF5}"
EndProject
Global
	GlobalSection(SolutionConfigurationPlatforms) = preSolution
		Debug|Any CPU = Debug|Any CPU
		Release|Any CPU = Release|Any CPU
	EndGlobalSection
	GlobalSection(ProjectConfigurationPlatforms) = postSolution
		{CC1D5B6A-D363-48C9-BFC1-63D257070CF5}.Debug|Any CPU.ActiveCfg = Debug|Any CPU
		{CC1D5B6A-D363-48C9-BFC1-63D257070CF5}.Debug|Any CPU.Build.0 = Debug|Any CPU
		{CC1D5B6A-D363-48C9-BFC1-63D257070CF5}.Release|Any CPU.ActiveCfg = Release|Any CPU
		{CC1D5B6A-D363-48C9-BFC1-63D257070CF5}.Release|Any CPU.Build.0 = Release|Any CPU
	EndGlobalSection
	GlobalSection(SolutionProperties) = preSolution
		HideSolutionNode = FALSE
	EndGlobalSection
	GlobalSection(ExtensibilityGlobals) = postSolution
		SolutionGuid = {E826F214-AEF6-41F3-AC52-016D6F566E65}
	EndGlobalSection
EndGlobal
